
Microsoft Visual Studio Solution File, Format Version 12.00
# Visual Studio Version 17
VisualStudioVersion = 17.14.36603.0 d17.14
MinimumVisualStudioVersion = 10.0.40219.1
Project("{FAE04EC0-301F-11D3-BF4B-00C04F79EFBC}") = "WebApplication7", "WebApplication7\WebApplication7.csproj", "{2203731C-F233-414D-B364-233C9C0D8092}"
EndProject
Global
	GlobalSection(SolutionConfigurationPlatforms) = preSolution
		Debug|Any CPU = Debug|Any CPU
		Release|Any CPU = Release|Any CPU
	EndGlobalSection
	GlobalSection(ProjectConfigurationPlatforms) = postSolution
		{2203731C-F233-414D-B364-233C9C0D8092}.Debug|Any CPU.ActiveCfg = Debug|Any CPU
		{2203731C-F233-414D-B364-233C9C0D8092}.Debug|Any CPU.Build.0 = Debug|Any CPU
		{2203731C-F233-414D-B364-233C9C0D8092}.Release|Any CPU.ActiveCfg = Release|Any CPU
		{2203731C-F233-414D-B364-233C9C0D8092}.Release|Any CPU.Build.0 = Release|Any CPU
	EndGlobalSection
	GlobalSection(SolutionProperties) = preSolution
		HideSolutionNode = FALSE
	EndGlobalSection
	GlobalSection(ExtensibilityGlobals) = postSolution
		SolutionGuid = {EC1DBDB6-8640-487A-81F2-501DD96B6F25}
	EndGlobalSection
EndGlobal
